
Microsoft Visual Studio Solution File, Format Version 12.00
# Visual Studio Version 17
VisualStudioVersion = 17.9.34622.214
MinimumVisualStudioVersion = 10.0.40219.1
Project("{FAE04EC0-301F-11D3-BF4B-00C04F79EFBC}") = "Lab6Serialization", "Lab6Serialization.csproj", "{D7C7074D-E2C9-403A-A597-A73AA4B3878B}"
EndProject
Global
	GlobalSection(SolutionConfigurationPlatforms) = preSolution
		Debug|Any CPU = Debug|Any CPU
		Release|Any CPU = Release|Any CPU
	EndGlobalSection
	GlobalSection(ProjectConfigurationPlatforms) = postSolution
		{D7C7074D-E2C9-403A-A597-A73AA4B3878B}.Debug|Any CPU.ActiveCfg = Debug|Any CPU
		{D7C7074D-E2C9-403A-A597-A73AA4B3878B}.Debug|Any CPU.Build.0 = Debug|Any CPU
		{D7C7074D-E2C9-403A-A597-A73AA4B3878B}.Release|Any CPU.ActiveCfg = Release|Any CPU
		{D7C7074D-E2C9-403A-A597-A73AA4B3878B}.Release|Any CPU.Build.0 = Release|Any CPU
	EndGlobalSection
	GlobalSection(SolutionProperties) = preSolution
		HideSolutionNode = FALSE
	EndGlobalSection
	GlobalSection(ExtensibilityGlobals) = postSolution
		SolutionGuid = {E1AC62C8-EAAF-4CB8-8914-01A83AB41A37}
	EndGlobalSection
EndGlobal
